
Microsoft Visual Studio Solution File, Format Version 12.00
# Visual Studio Version 16
VisualStudioVersion = 16.0.31019.35
MinimumVisualStudioVersion = 10.0.40219.1
Project("{FAE04EC0-301F-11D3-BF4B-00C04F79EFBC}") = "лр-67", "лр-67\лр-67.csproj", "{C13BEDFC-3EE0-4855-8AD3-BDA15BD75D44}"
EndProject
Global
	GlobalSection(SolutionConfigurationPlatforms) = preSolution
		Debug|Any CPU = Debug|Any CPU
		Release|Any CPU = Release|Any CPU
	EndGlobalSection
	GlobalSection(ProjectConfigurationPlatforms) = postSolution
		{C13BEDFC-3EE0-4855-8AD3-BDA15BD75D44}.Debug|Any CPU.ActiveCfg = Debug|Any CPU
		{C13BEDFC-3EE0-4855-8AD3-BDA15BD75D44}.Debug|Any CPU.Build.0 = Debug|Any CPU
		{C13BEDFC-3EE0-4855-8AD3-BDA15BD75D44}.Release|Any CPU.ActiveCfg = Release|Any CPU
		{C13BEDFC-3EE0-4855-8AD3-BDA15BD75D44}.Release|Any CPU.Build.0 = Release|Any CPU
	EndGlobalSection
	GlobalSection(SolutionProperties) = preSolution
		HideSolutionNode = FALSE
	EndGlobalSection
	GlobalSection(ExtensibilityGlobals) = postSolution
		SolutionGuid = {4B29BF69-C68A-491D-BBD9-30DD6E8FA55D}
	EndGlobalSection
EndGlobal
